github.com/bendahl/uinput v1.7.0 h1:nA4fm8Wu8UYNOPykIZm66nkWEyvxzfmJ8YC02PM40jg=
github.com/bendahl/uinput v1.7.0/go.mod h1:Np7w3DINc9wB83p12fTAM3DPPhFnAKP0WTXRqCQJ6Z8=
github.com/gvalkov/golang-evdev v0.0.0-20220815104727-7e27d6ce89b6 h1:K9b8efT9f1NkITNgNAm2A1LuoamhG4pAhXVjz5Sfa5Q=
github.com/gvalkov/golang-evdev v0.0.0-20220815104727-7e27d6ce89b6/go.mod h1:SAzVFKCRezozJTGavF3GX8MBUruETCqzivVLYiywouA=
golang.design/x/clipboard v0.7.1 h1:OEG3CmcYRBNnRwpDp7+uWLiZi3hrMRJpE9JkkkYtz2c=
golang.design/x/clipboard v0.7.1/go.mod h1:i5SiIqj0wLFw9P/1D7vfILFK0KHMk7ydE72HRrUIgkg=
golang.org/x/exp/shiny v0.0.0-20250606033433-dcc06ee1d476 h1:Wdx0vgH5Wgsw+lF//LJKmWOJBLWX6nprsMqnf99rYDE=
golang.org/x/exp/shiny v0.0.0-20250606033433-dcc06ee1d476/go.mod h1:ygj7T6vSGhhm/9yTpOQQNvuAUFziTH7RUiH74EoE2C8=
golang.org/x/image v0.28.0 h1:gdem5JW1OLS4FbkWgLO+7ZeFzYtL3xClb97GaUzYMFE=
golang.org/x/image v0.28.0/go.mod h1:GUJYXtnGKEUgggyzh+Vxt+AviiCcyiwpsl8iQ8MvwGY=
golang.org/x/mobile v0.0.0-20250606033058-a2a15c67f36f h1:/n+PL2HlfqeSiDCuhdBbRNlGS/g2fM4OHufalHaTVG8=
golang.org/x/mobile v0.0.0-20250606033058-a2a15c67f36f/go.mod h1:ESkJ836Z6LpG6mTVAhA48LpfW/8fNR0ifStlH2axyfg=
golang.org/x/sys v0.33.0 h1:q3i8TbbEz+JRD9ywIRlyRAQbM0qF7hu24q3teo2hbuw=
golang.org/x/sys v0.33.0/go.mod h1:BJP2sWEmIv4KK5OTEluFJCKSidICx8ciO85XgH3Ak8k=
google.golang.org/protobuf v1.36.11 h1:fV6ZwhNocDyBLK0dj+fg8ektcVegBBuEolpbTQyBNVE=
google.golang.org/protobuf v1.36.11/go.mod h1:HTf+CrKn2C3g5S8VImy6tdcUvCska2kB7j23XfzDpco=
